// !$*UTF8*$!
{
	archiveVersion = 1;
	classes = {
	};
	objectVersion = 46;
	objects = {

/* Begin PBXBuildFile section */
		84DDC53A1DEBB9240000FD42 /* AppDelegate.swift in Sources */ = {isa = PBXBuildFile; fileRef = 84DDC5391DEBB9240000FD42 /* AppDelegate.swift */; };
		84DDC53C1DEBB9240000FD42 /* TapViewController.swift in Sources */ = {isa = PBXBuildFile; fileRef = 84DDC53B1DEBB9240000FD42 /* TapViewController.swift */; };
		84DDC53F1DEBB9240000FD42 /* Main.storyboard in Resources */ = {isa = PBXBuildFile; fileRef = 84DDC53D1DEBB9240000FD42 /* Main.storyboard */; };
		84DDC5411DEBB9240000FD42 /* Assets.xcassets in Resources */ = {isa = PBXBuildFile; fileRef = 84DDC5401DEBB9240000FD42 /* Assets.xcassets */; };
		84DDC5441DEBB9240000FD42 /* LaunchScreen.storyboard in Resources */ = {isa = PBXBuildFile; fileRef = 84DDC5421DEBB9240000FD42 /* LaunchScreen.storyboard */; };
/* End PBXBuildFile section */

/* Begin PBXFileReference section */
		84DDC5361DEBB9230000FD42 /* TapCounter.app */ = {isa = PBXFileReference; explicitFileType = wrapper.application; includeInIndex = 0; path = TapCounter.app; sourceTree = BUILT_PRODUCTS_DIR; };
		84DDC5391DEBB9240000FD42 /* AppDelegate.swift */ = {isa = PBXFileReference; lastKnownFileType = sourcecode.swift; path = AppDelegate.swift; sourceTree = "<group>"; };
		84DDC53B1DEBB9240000FD42 /* TapViewController.swift */ = {isa = PBXFileReference; lastKnownFileType = sourcecode.swift; path = TapViewController.swift; sourceTree = "<group>"; };
		84DDC53E1DEBB9240000FD42 /* Base */ = {isa = PBXFileReference; lastKnownFileType = file.storyboard; name = Base; path = Base.lproj/Main.storyboard; sourceTree = "<group>"; };
		84DDC5401DEBB9240000FD42 /* Assets.xcassets */ = {isa = PBXFileReference; lastKnownFileType = folder.assetcatalog; path = Assets.xcassets; sourceTree = "<group>"; };
		84DDC5431DEBB9240000FD42 /* Base */ = {isa = PBXFileReference; lastKnownFileType = file.storyboard; name = Base; path = Base.lproj/LaunchScreen.storyboard; sourceTree = "<group>"; };
		84DDC5451DEBB9240000FD42 /* Info.plist */ = {isa = PBXFileReference; lastKnownFileType = text.plist.xml; path = Info.plist; sourceTree = "<group>"; };
/* End PBXFileReference section */

/* Begin PBXFrameworksBuildPhase section */
		84DDC5331DEBB9230000FD42 /* Frameworks */ = {
			isa = PBXFrameworksBuildPhase;
			buildActionMask = 2147483647;
			files = (
			);
			runOnlyForDeploymentPostprocessing = 0;
		};
/* End PBXFrameworksBuildPhase section */

/* Begin PBXGroup section */
		84DDC52D1DEBB9230000FD42 = {
			isa = PBXGroup;
			children = (
				84DDC5381DEBB9240000FD42 /* TapCounter */,
				84DDC5371DEBB9230000FD42 /* Products */,
			);
			sourceTree = "<group>";
		};
		84DDC5371DEBB9230000FD42 /* Products */ = {
			isa = PBXGroup;
			children = (
				84DDC5361DEBB9230000FD42 /* TapCounter.app */,
			);
			name = Products;
			sourceTree = "<group>";
		};
		84DDC5381DEBB9240000FD42 /* TapCounter */ = {
			isa = PBXGroup;
			children = (
				84DDC5391DEBB9240000FD42 /* AppDelegate.swift */,
				84DDC53B1DEBB9240000FD42 /* TapViewController.swift */,
				84DDC53D1DEBB9240000FD42 /* Main.storyboard */,
				84DDC5401DEBB9240000FD42 /* Assets.xcassets */,
				84DDC5421DEBB9240000FD42 /* LaunchScreen.storyboard */,
				84DDC5451DEBB9240000FD42 /* Info.plist */,
			);
			path = TapCounter;
			sourceTree = "<group>";
		};
/* End PBXGroup section */

/* Begin PBXNativeTarget section */
		84DDC5351DEBB9230000FD42 /* TapCounter */ = {
			isa = PBXNativeTarget;
			buildConfigurationList = 84DDC5481DEBB9240000FD42 /* Build configuration list for PBXNativeTarget "TapCounter" */;
			buildPhases = (
				84DDC5321DEBB9230000FD42 /* Sources */,
				84DDC5331DEBB9230000FD42 /* Frameworks */,
				84DDC5341DEBB9230000FD42 /* Resources */,
			);
			buildRules = (
			);
			dependencies = (
			);
			name = TapCounter;
			productName = TapCounter;
			productReference = 84DDC5361DEBB9230000FD42 /* TapCounter.app */;
			productType = "com.apple.product-type.application";
		};
/* End PBXNativeTarget section */

/* Begin PBXProject section */
		84DDC52E1DEBB9230000FD42 /* Project object */ = {
			isa = PBXProject;
			attributes = {
				LastSwiftUpdateCheck = 0730;
				LastUpgradeCheck = 0820;
				ORGANIZATIONNAME = "Angela Lin";
				TargetAttributes = {
					84DDC5351DEBB9230000FD42 = {
						CreatedOnToolsVersion = 7.3.1;
						DevelopmentTeam = KG9F3QG9L4;
						LastSwiftMigration = 0810;
					};
				};
			};
			buildConfigurationList = 84DDC5311DEBB9230000FD42 /* Build configuration list for PBXProject "TapCounter" */;
			compatibilityVersion = "Xcode 3.2";
			developmentRegion = English;
			hasScannedForEncodings = 0;
			knownRegions = (
				en,
				Base,
			);
			mainGroup = 84DDC52D1DEBB9230000FD42;
			productRefGroup = 84DDC5371DEBB9230000FD42 /* Products */;
			projectDirPath = "";
			projectRoot = "";
			targets = (
				84DDC5351DEBB9230000FD42 /* TapCounter */,
			);
		};
/* End PBXProject section */

/* Begin PBXResourcesBuildPhase section */
		84DDC5341DEBB9230000FD42 /* Resources */ = {
			isa = PBXResourcesBuildPhase;
			buildActionMask = 2147483647;
			files = (
				84DDC5441DEBB9240000FD42 /* LaunchScreen.storyboard in Resources */,
				84DDC5411DEBB9240000FD42 /* Assets.xcassets in Resources */,
				84DDC53F1DEBB9240000FD42 /* Main.storyboard in Resources */,
			);
			runOnlyForDeploymentPostprocessing = 0;
		};
/* End PBXResourcesBuildPhase section */

/* Begin PBXSourcesBuildPhase section */
		84DDC5321DEBB9230000FD42 /* Sources */ = {
			isa = PBXSourcesBuildPhase;
			buildActionMask = 2147483647;
			files = (
				84DDC53C1DEBB9240000FD42 /* TapViewController.swift in Sources */,
				84DDC53A1DEBB9240000FD42 /* AppDelegate.swift in Sources */,
			);
			runOnlyForDeploymentPostprocessing = 0;
		};
/* End PBXSourcesBuildPhase section */

/* Begin PBXVariantGroup section */
		84DDC53D1DEBB9240000FD42 /* Main.storyboard */ = {
			isa = PBXVariantGroup;
			children = (
				84DDC53E1DEBB9240000FD42 /* Base */,
			);
			name = Main.storyboard;
			sourceTree = "<group>";
		};
		84DDC5421DEBB9240000FD42 /* LaunchScreen.storyboard */ = {
			isa = PBXVariantGroup;
			children = (
				84DDC5431DEBB9240000FD42 /* Base */,
			);
			name = LaunchScreen.storyboard;
			sourceTree = "<group>";
		};
/* End PBXVariantGroup section */

/* Begin XCBuildConfiguration section */
		84DDC5461DEBB9240000FD42 /* Debug */ = {
			isa = XCBuildConfiguration;
			buildSettings = {
				ALWAYS_SEARCH_USER_PATHS = NO;
				CLANG_ANALYZER_NONNULL = YES;
				CLANG_CXX_LANGUAGE_STANDARD = "gnu++0x";
				CLANG_CXX_LIBRARY = "libc++";
				CLANG_ENABLE_MODULES = YES;
				CLANG_ENABLE_OBJC_ARC = YES;
				CLANG_WARN_BOOL_CONVERSION = YES;
				CLANG_WARN_CONSTANT_CONVERSION = YES;
				CLANG_WARN_DIRECT_OBJC_ISA_USAGE = YES_ERROR;
				CLANG_WARN_EMPTY_BODY = YES;
				CLANG_WARN_ENUM_CONVERSION = YES;
				CLANG_WARN_INFINITE_RECURSION = YES;
				CLANG_WARN_INT_CONVERSION = YES;
				CLANG_WARN_OBJC_ROOT_CLASS = YES_ERROR;
				CLANG_WARN_SUSPICIOUS_MOVE = YES;
				CLANG_WARN_UNREACHABLE_CODE = YES;
				CLANG_WARN__DUPLICATE_METHOD_MATCH = YES;
				"CODE_SIGN_IDENTITY[sdk=iphoneos*]" = "iPhone Developer";
				COPY_PHASE_STRIP = NO;
				DEBUG_INFORMATION_FORMAT = dwarf;
				ENABLE_STRICT_OBJC_MSGSEND = YES;
				ENABLE_TESTABILITY = YES;
				GCC_C_LANGUAGE_STANDARD = gnu99;
				GCC_DYNAMIC_NO_PIC = NO;
				GCC_NO_COMMON_BLOCKS = YES;
				GCC_OPTIMIZATION_LEVEL = 0;
				GCC_PREPROCESSOR_DEFINITIONS = (
					"DEBUG=1",
					"$(inherited)",
				);
				GCC_WARN_64_TO_32_BIT_CONVERSION = YES;
				GCC_WARN_ABOUT_RETURN_TYPE = YES_ERROR;
				GCC_WARN_UNDECLARED_SELECTOR = YES;
				GCC_WARN_UNINITIALIZED_AUTOS = YES_AGGRESSIVE;
				GCC_WARN_UNUSED_FUNCTION = YES;
				GCC_WARN_UNUSED_VARIABLE = YES;
				IPHONEOS_DEPLOYMENT_TARGET = 9.3;
				MTL_ENABLE_DEBUG_INFO = YES;
				ONLY_ACTIVE_ARCH = YES;
				SDKROOT = iphoneos;
				SWIFT_OPTIMIZATION_LEVEL = "-Onone";
				TARGETED_DEVICE_FAMILY = "1,2";
			};
			name = Debug;
		};
		84DDC5471DEBB9240000FD42 /* Release */ = {
			isa = XCBuildConfiguration;
			buildSettings = {
				ALWAYS_SEARCH_USER_PATHS = NO;
				CLANG_ANALYZER_NONNULL = YES;
				CLANG_CXX_LANGUAGE_STANDARD = "gnu++0x";
				CLANG_CXX_LIBRARY = "libc++";
				CLANG_ENABLE_MODULES = YES;
				CLANG_ENABLE_OBJC_ARC = YES;
				CLANG_WARN_BOOL_CONVERSION = YES;
				CLANG_WARN_CONSTANT_CONVERSION = YES;
				CLANG_WARN_DIRECT_OBJC_ISA_USAGE = YES_ERROR;
				CLANG_WARN_EMPTY_BODY = YES;
				CLANG_WARN_ENUM_CONVERSION = YES;
				CLANG_WARN_INFINITE_RECURSION = YES;
				CLANG_WARN_INT_CONVERSION = YES;
				CLANG_WARN_OBJC_ROOT_CLASS = YES_ERROR;
				CLANG_WARN_SUSPICIOUS_MOVE = YES;
				CLANG_WARN_UNREACHABLE_CODE = YES;
				CLANG_WARN__DUPLICATE_METHOD_MATCH = YES;
				"CODE_SIGN_IDENTITY[sdk=iphoneos*]" = "iPhone Developer";
				COPY_PHASE_STRIP = NO;
				DEBUG_INFORMATION_FORMAT = "dwarf-with-dsym";
				ENABLE_NS_ASSERTIONS = NO;
				ENABLE_STRICT_OBJC_MSGSEND = YES;
				GCC_C_LANGUAGE_STANDARD = gnu99;
				GCC_NO_COMMON_BLOCKS = YES;
				GCC_WARN_64_TO_32_BIT_CONVERSION = YES;
				GCC_WARN_ABOUT_RETURN_TYPE = YES_ERROR;
				GCC_WARN_UNDECLARED_SELECTOR = YES;
				GCC_WARN_UNINITIALIZED_AUTOS = YES_AGGRESSIVE;
				GCC_WARN_UNUSED_FUNCTION = YES;
				GCC_WARN_UNUSED_VARIABLE = YES;
				IPHONEOS_DEPLOYMENT_TARGET = 9.3;
				MTL_ENABLE_DEBUG_INFO = NO;
				SDKROOT = iphoneos;
				SWIFT_OPTIMIZATION_LEVEL = "-Owholemodule";
				TARGETED_DEVICE_FAMILY = "1,2";
				VALIDATE_PRODUCT = YES;
			};
			name = Release;
		};
		84DDC5491DEBB9240000FD42 /* Debug */ = {
			isa = XCBuildConfiguration;
			buildSettings = {
				ASSETCATALOG_COMPILER_APPICON_NAME = AppIcon;
				DEVELOPMENT_TEAM = KG9F3QG9L4;
				INFOPLIST_FILE = TapCounter/Info.plist;
				LD_RUNPATH_SEARCH_PATHS = "$(inherited) @executable_path/Frameworks";
				PRODUCT_BUNDLE_IDENTIFIER = com.corealstudios.TapCounter;
				PRODUCT_NAME = "$(TARGET_NAME)";
				SWIFT_VERSION = 3.0;
			};
			name = Debug;
		};
		84DDC54A1DEBB9240000FD42 /* Release */ = {
			isa = XCBuildConfiguration;
			buildSettings = {
				ASSETCATALOG_COMPILER_APPICON_NAME = AppIcon;
				DEVELOPMENT_TEAM = KG9F3QG9L4;
				INFOPLIST_FILE = TapCounter/Info.plist;
				LD_RUNPATH_SEARCH_PATHS = "$(inherited) @executable_path/Frameworks";
				PRODUCT_BUNDLE_IDENTIFIER = com.corealstudios.TapCounter;
				PRODUCT_NAME = "$(TARGET_NAME)";
				SWIFT_VERSION = 3.0;
			};
			name = Release;
		};
/* End XCBuildConfiguration section */

/* Begin XCConfigurationList section */
		84DDC5311DEBB9230000FD42 /* Build configuration list for PBXProject "TapCounter" */ = {
			isa = XCConfigurationList;
			buildConfigurations = (
				84DDC5461DEBB9240000FD42 /* Debug */,
				84DDC5471DEBB9240000FD42 /* Release */,
			);
			defaultConfigurationIsVisible = 0;
			defaultConfigurationName = Release;
		};
		84DDC5481DEBB9240000FD42 /* Build configuration list for PBXNativeTarget "TapCounter" */ = {
			isa = XCConfigurationList;
			buildConfigurations = (
				84DDC5491DEBB9240000FD42 /* Debug */,
				84DDC54A1DEBB9240000FD42 /* Release */,
			);
			defaultConfigurationIsVisible = 0;
			defaultConfigurationName = Release;
		};
/* End XCConfigurationList section */
	};
	rootObject = 84DDC52E1DEBB9230000FD42 /* Project object */;
}
